// !$*UTF8*$!
{
	archiveVersion = 1;
	classes = {
	};
	objectVersion = 46;
	objects = {

/* Begin PBXBuildFile section */
		3153A3D51DF6A518002FEB06 /* main.m in Sources */ = {isa = PBXBuildFile; fileRef = 3153A3D41DF6A518002FEB06 /* main.m */; };
		3153A3D81DF6A518002FEB06 /* AppDelegate.m in Sources */ = {isa = PBXBuildFile; fileRef = 3153A3D71DF6A518002FEB06 /* AppDelegate.m */; };
		3153A3DB1DF6A518002FEB06 /* ViewController.m in Sources */ = {isa = PBXBuildFile; fileRef = 3153A3DA1DF6A518002FEB06 /* ViewController.m */; };
		3153A3DE1DF6A518002FEB06 /* Main.storyboard in Resources */ = {isa = PBXBuildFile; fileRef = 3153A3DC1DF6A518002FEB06 /* Main.storyboard */; };
		3153A3E01DF6A518002FEB06 /* Assets.xcassets in Resources */ = {isa = PBXBuildFile; fileRef = 3153A3DF1DF6A518002FEB06 /* Assets.xcassets */; };
		3153A3E31DF6A518002FEB06 /* LaunchScreen.storyboard in Resources */ = {isa = PBXBuildFile; fileRef = 3153A3E11DF6A518002FEB06 /* LaunchScreen.storyboard */; };
		3153A3EF1DF6AACC002FEB06 /* UIView+AnimationClick.m in Sources */ = {isa = PBXBuildFile; fileRef = 3153A3EE1DF6AACC002FEB06 /* UIView+AnimationClick.m */; };
		3153A3F21DF6ABB2002FEB06 /* UIButton+AnimationClick.m in Sources */ = {isa = PBXBuildFile; fileRef = 3153A3F11DF6ABB2002FEB06 /* UIButton+AnimationClick.m */; };
/* End PBXBuildFile section */

/* Begin PBXFileReference section */
		3153A3D01DF6A518002FEB06 /* moveButton.app */ = {isa = PBXFileReference; explicitFileType = wrapper.application; includeInIndex = 0; path = moveButton.app; sourceTree = BUILT_PRODUCTS_DIR; };
		3153A3D41DF6A518002FEB06 /* main.m */ = {isa = PBXFileReference; lastKnownFileType = sourcecode.c.objc; path = main.m; sourceTree = "<group>"; };
		3153A3D61DF6A518002FEB06 /* AppDelegate.h */ = {isa = PBXFileReference; lastKnownFileType = sourcecode.c.h; path = AppDelegate.h; sourceTree = "<group>"; };
		3153A3D71DF6A518002FEB06 /* AppDelegate.m */ = {isa = PBXFileReference; lastKnownFileType = sourcecode.c.objc; path = AppDelegate.m; sourceTree = "<group>"; };
		3153A3D91DF6A518002FEB06 /* ViewController.h */ = {isa = PBXFileReference; lastKnownFileType = sourcecode.c.h; path = ViewController.h; sourceTree = "<group>"; };
		3153A3DA1DF6A518002FEB06 /* ViewController.m */ = {isa = PBXFileReference; lastKnownFileType = sourcecode.c.objc; path = ViewController.m; sourceTree = "<group>"; };
		3153A3DD1DF6A518002FEB06 /* Base */ = {isa = PBXFileReference; lastKnownFileType = file.storyboard; name = Base; path = Base.lproj/Main.storyboard; sourceTree = "<group>"; };
		3153A3DF1DF6A518002FEB06 /* Assets.xcassets */ = {isa = PBXFileReference; lastKnownFileType = folder.assetcatalog; path = Assets.xcassets; sourceTree = "<group>"; };
		3153A3E21DF6A518002FEB06 /* Base */ = {isa = PBXFileReference; lastKnownFileType = file.storyboard; name = Base; path = Base.lproj/LaunchScreen.storyboard; sourceTree = "<group>"; };
		3153A3E41DF6A518002FEB06 /* Info.plist */ = {isa = PBXFileReference; lastKnownFileType = text.plist.xml; path = Info.plist; sourceTree = "<group>"; };
		3153A3ED1DF6AACC002FEB06 /* UIView+AnimationClick.h */ = {isa = PBXFileReference; fileEncoding = 4; lastKnownFileType = sourcecode.c.h; path = "UIView+AnimationClick.h"; sourceTree = "<group>"; };
		3153A3EE1DF6AACC002FEB06 /* UIView+AnimationClick.m */ = {isa = PBXFileReference; fileEncoding = 4; lastKnownFileType = sourcecode.c.objc; path = "UIView+AnimationClick.m"; sourceTree = "<group>"; };
		3153A3F01DF6ABB2002FEB06 /* UIButton+AnimationClick.h */ = {isa = PBXFileReference; fileEncoding = 4; lastKnownFileType = sourcecode.c.h; path = "UIButton+AnimationClick.h"; sourceTree = "<group>"; };
		3153A3F11DF6ABB2002FEB06 /* UIButton+AnimationClick.m */ = {isa = PBXFileReference; fileEncoding = 4; lastKnownFileType = sourcecode.c.objc; path = "UIButton+AnimationClick.m"; sourceTree = "<group>"; };
/* End PBXFileReference section */

/* Begin PBXFrameworksBuildPhase section */
		3153A3CD1DF6A518002FEB06 /* Frameworks */ = {
			isa = PBXFrameworksBuildPhase;
			buildActionMask = 2147483647;
			files = (
			);
			runOnlyForDeploymentPostprocessing = 0;
		};
/* End PBXFrameworksBuildPhase section */

/* Begin PBXGroup section */
		3153A3C71DF6A518002FEB06 = {
			isa = PBXGroup;
			children = (
				3153A3D21DF6A518002FEB06 /* moveButton */,
				3153A3D11DF6A518002FEB06 /* Products */,
			);
			sourceTree = "<group>";
		};
		3153A3D11DF6A518002FEB06 /* Products */ = {
			isa = PBXGroup;
			children = (
				3153A3D01DF6A518002FEB06 /* moveButton.app */,
			);
			name = Products;
			sourceTree = "<group>";
		};
		3153A3D21DF6A518002FEB06 /* moveButton */ = {
			isa = PBXGroup;
			children = (
				3153A3F01DF6ABB2002FEB06 /* UIButton+AnimationClick.h */,
				3153A3F11DF6ABB2002FEB06 /* UIButton+AnimationClick.m */,
				3153A3ED1DF6AACC002FEB06 /* UIView+AnimationClick.h */,
				3153A3EE1DF6AACC002FEB06 /* UIView+AnimationClick.m */,
				3153A3D61DF6A518002FEB06 /* AppDelegate.h */,
				3153A3D71DF6A518002FEB06 /* AppDelegate.m */,
				3153A3D91DF6A518002FEB06 /* ViewController.h */,
				3153A3DA1DF6A518002FEB06 /* ViewController.m */,
				3153A3DC1DF6A518002FEB06 /* Main.storyboard */,
				3153A3DF1DF6A518002FEB06 /* Assets.xcassets */,
				3153A3E11DF6A518002FEB06 /* LaunchScreen.storyboard */,
				3153A3E41DF6A518002FEB06 /* Info.plist */,
				3153A3D31DF6A518002FEB06 /* Supporting Files */,
			);
			path = moveButton;
			sourceTree = "<group>";
		};
		3153A3D31DF6A518002FEB06 /* Supporting Files */ = {
			isa = PBXGroup;
			children = (
				3153A3D41DF6A518002FEB06 /* main.m */,
			);
			name = "Supporting Files";
			sourceTree = "<group>";
		};
/* End PBXGroup section */

/* Begin PBXNativeTarget section */
		3153A3CF1DF6A518002FEB06 /* moveButton */ = {
			isa = PBXNativeTarget;
			buildConfigurationList = 3153A3E71DF6A518002FEB06 /* Build configuration list for PBXNativeTarget "moveButton" */;
			buildPhases = (
				3153A3CC1DF6A518002FEB06 /* Sources */,
				3153A3CD1DF6A518002FEB06 /* Frameworks */,
				3153A3CE1DF6A518002FEB06 /* Resources */,
			);
			buildRules = (
			);
			dependencies = (
			);
			name = moveButton;
			productName = moveButton;
			productReference = 3153A3D01DF6A518002FEB06 /* moveButton.app */;
			productType = "com.apple.product-type.application";
		};
/* End PBXNativeTarget section */

/* Begin PBXProject section */
		3153A3C81DF6A518002FEB06 /* Project object */ = {
			isa = PBXProject;
			attributes = {
				LastUpgradeCheck = 0810;
				ORGANIZATIONNAME = "朱公园";
				TargetAttributes = {
					3153A3CF1DF6A518002FEB06 = {
						CreatedOnToolsVersion = 8.1;
						DevelopmentTeam = XX3668VN4H;
						ProvisioningStyle = Automatic;
					};
				};
			};
			buildConfigurationList = 3153A3CB1DF6A518002FEB06 /* Build configuration list for PBXProject "moveButton" */;
			compatibilityVersion = "Xcode 3.2";
			developmentRegion = English;
			hasScannedForEncodings = 0;
			knownRegions = (
				en,
				Base,
			);
			mainGroup = 3153A3C71DF6A518002FEB06;
			productRefGroup = 3153A3D11DF6A518002FEB06 /* Products */;
			projectDirPath = "";
			projectRoot = "";
			targets = (
				3153A3CF1DF6A518002FEB06 /* moveButton */,
			);
		};
/* End PBXProject section */

/* Begin PBXResourcesBuildPhase section */
		3153A3CE1DF6A518002FEB06 /* Resources */ = {
			isa = PBXResourcesBuildPhase;
			buildActionMask = 2147483647;
			files = (
				3153A3E31DF6A518002FEB06 /* LaunchScreen.storyboard in Resources */,
				3153A3E01DF6A518002FEB06 /* Assets.xcassets in Resources */,
				3153A3DE1DF6A518002FEB06 /* Main.storyboard in Resources */,
			);
			runOnlyForDeploymentPostprocessing = 0;
		};
/* End PBXResourcesBuildPhase section */

/* Begin PBXSourcesBuildPhase section */
		3153A3CC1DF6A518002FEB06 /* Sources */ = {
			isa = PBXSourcesBuildPhase;
			buildActionMask = 2147483647;
			files = (
				3153A3DB1DF6A518002FEB06 /* ViewController.m in Sources */,
				3153A3D81DF6A518002FEB06 /* AppDelegate.m in Sources */,
				3153A3D51DF6A518002FEB06 /* main.m in Sources */,
				3153A3F21DF6ABB2002FEB06 /* UIButton+AnimationClick.m in Sources */,
				3153A3EF1DF6AACC002FEB06 /* UIView+AnimationClick.m in Sources */,
			);
			runOnlyForDeploymentPostprocessing = 0;
		};
/* End PBXSourcesBuildPhase section */

/* Begin PBXVariantGroup section */
		3153A3DC1DF6A518002FEB06 /* Main.storyboard */ = {
			isa = PBXVariantGroup;
			children = (
				3153A3DD1DF6A518002FEB06 /* Base */,
			);
			name = Main.storyboard;
			sourceTree = "<group>";
		};
		3153A3E11DF6A518002FEB06 /* LaunchScreen.storyboard */ = {
			isa = PBXVariantGroup;
			children = (
				3153A3E21DF6A518002FEB06 /* Base */,
			);
			name = LaunchScreen.storyboard;
			sourceTree = "<group>";
		};
/* End PBXVariantGroup section */

/* Begin XCBuildConfiguration section */
		3153A3E51DF6A518002FEB06 /* Debug */ = {
			isa = XCBuildConfiguration;
			buildSettings = {
				ALWAYS_SEARCH_USER_PATHS = NO;
				CLANG_ANALYZER_NONNULL = YES;
				CLANG_CXX_LANGUAGE_STANDARD = "gnu++0x";
				CLANG_CXX_LIBRARY = "libc++";
				CLANG_ENABLE_MODULES = YES;
				CLANG_ENABLE_OBJC_ARC = YES;
				CLANG_WARN_BOOL_CONVERSION = YES;
				CLANG_WARN_CONSTANT_CONVERSION = YES;
				CLANG_WARN_DIRECT_OBJC_ISA_USAGE = YES_ERROR;
				CLANG_WARN_DOCUMENTATION_COMMENTS = YES;
				CLANG_WARN_EMPTY_BODY = YES;
				CLANG_WARN_ENUM_CONVERSION = YES;
				CLANG_WARN_INFINITE_RECURSION = YES;
				CLANG_WARN_INT_CONVERSION = YES;
				CLANG_WARN_OBJC_ROOT_CLASS = YES_ERROR;
				CLANG_WARN_SUSPICIOUS_MOVES = YES;
				CLANG_WARN_UNREACHABLE_CODE = YES;
				CLANG_WARN__DUPLICATE_METHOD_MATCH = YES;
				"CODE_SIGN_IDENTITY[sdk=iphoneos*]" = "iPhone Developer";
				COPY_PHASE_STRIP = NO;
				DEBUG_INFORMATION_FORMAT = dwarf;
				ENABLE_STRICT_OBJC_MSGSEND = YES;
				ENABLE_TESTABILITY = YES;
				GCC_C_LANGUAGE_STANDARD = gnu99;
				GCC_DYNAMIC_NO_PIC = NO;
				GCC_NO_COMMON_BLOCKS = YES;
				GCC_OPTIMIZATION_LEVEL = 0;
				GCC_PREPROCESSOR_DEFINITIONS = (
					"DEBUG=1",
					"$(inherited)",
				);
				GCC_WARN_64_TO_32_BIT_CONVERSION = YES;
				GCC_WARN_ABOUT_RETURN_TYPE = YES_ERROR;
				GCC_WARN_UNDECLARED_SELECTOR = YES;
				GCC_WARN_UNINITIALIZED_AUTOS = YES_AGGRESSIVE;
				GCC_WARN_UNUSED_FUNCTION = YES;
				GCC_WARN_UNUSED_VARIABLE = YES;
				IPHONEOS_DEPLOYMENT_TARGET = 10.1;
				MTL_ENABLE_DEBUG_INFO = YES;
				ONLY_ACTIVE_ARCH = YES;
				SDKROOT = iphoneos;
			};
			name = Debug;
		};
		3153A3E61DF6A518002FEB06 /* Release */ = {
			isa = XCBuildConfiguration;
			buildSettings = {
				ALWAYS_SEARCH_USER_PATHS = NO;
				CLANG_ANALYZER_NONNULL = YES;
				CLANG_CXX_LANGUAGE_STANDARD = "gnu++0x";
				CLANG_CXX_LIBRARY = "libc++";
				CLANG_ENABLE_MODULES = YES;
				CLANG_ENABLE_OBJC_ARC = YES;
				CLANG_WARN_BOOL_CONVERSION = YES;
				CLANG_WARN_CONSTANT_CONVERSION = YES;
				CLANG_WARN_DIRECT_OBJC_ISA_USAGE = YES_ERROR;
				CLANG_WARN_DOCUMENTATION_COMMENTS = YES;
				CLANG_WARN_EMPTY_BODY = YES;
				CLANG_WARN_ENUM_CONVERSION = YES;
				CLANG_WARN_INFINITE_RECURSION = YES;
				CLANG_WARN_INT_CONVERSION = YES;
				CLANG_WARN_OBJC_ROOT_CLASS = YES_ERROR;
				CLANG_WARN_SUSPICIOUS_MOVES = YES;
				CLANG_WARN_UNREACHABLE_CODE = YES;
				CLANG_WARN__DUPLICATE_METHOD_MATCH = YES;
				"CODE_SIGN_IDENTITY[sdk=iphoneos*]" = "iPhone Developer";
				COPY_PHASE_STRIP = NO;
				DEBUG_INFORMATION_FORMAT = "dwarf-with-dsym";
				ENABLE_NS_ASSERTIONS = NO;
				ENABLE_STRICT_OBJC_MSGSEND = YES;
				GCC_C_LANGUAGE_STANDARD = gnu99;
				GCC_NO_COMMON_BLOCKS = YES;
				GCC_WARN_64_TO_32_BIT_CONVERSION = YES;
				GCC_WARN_ABOUT_RETURN_TYPE = YES_ERROR;
				GCC_WARN_UNDECLARED_SELECTOR = YES;
				GCC_WARN_UNINITIALIZED_AUTOS = YES_AGGRESSIVE;
				GCC_WARN_UNUSED_FUNCTION = YES;
				GCC_WARN_UNUSED_VARIABLE = YES;
				IPHONEOS_DEPLOYMENT_TARGET = 10.1;
				MTL_ENABLE_DEBUG_INFO = NO;
				SDKROOT = iphoneos;
				VALIDATE_PRODUCT = YES;
			};
			name = Release;
		};
		3153A3E81DF6A518002FEB06 /* Debug */ = {
			isa = XCBuildConfiguration;
			buildSettings = {
				ASSETCATALOG_COMPILER_APPICON_NAME = AppIcon;
				DEVELOPMENT_TEAM = XX3668VN4H;
				INFOPLIST_FILE = moveButton/Info.plist;
				LD_RUNPATH_SEARCH_PATHS = "$(inherited) @executable_path/Frameworks";
				PRODUCT_BUNDLE_IDENTIFIER = gongyuan.moveButton;
				PRODUCT_NAME = "$(TARGET_NAME)";
			};
			name = Debug;
		};
		3153A3E91DF6A518002FEB06 /* Release */ = {
			isa = XCBuildConfiguration;
			buildSettings = {
				ASSETCATALOG_COMPILER_APPICON_NAME = AppIcon;
				DEVELOPMENT_TEAM = XX3668VN4H;
				INFOPLIST_FILE = moveButton/Info.plist;
				LD_RUNPATH_SEARCH_PATHS = "$(inherited) @executable_path/Frameworks";
				PRODUCT_BUNDLE_IDENTIFIER = gongyuan.moveButton;
				PRODUCT_NAME = "$(TARGET_NAME)";
			};
			name = Release;
		};
/* End XCBuildConfiguration section */

/* Begin XCConfigurationList section */
		3153A3CB1DF6A518002FEB06 /* Build configuration list for PBXProject "moveButton" */ = {
			isa = XCConfigurationList;
			buildConfigurations = (
				3153A3E51DF6A518002FEB06 /* Debug */,
				3153A3E61DF6A518002FEB06 /* Release */,
			);
			defaultConfigurationIsVisible = 0;
			defaultConfigurationName = Release;
		};
		3153A3E71DF6A518002FEB06 /* Build configuration list for PBXNativeTarget "moveButton" */ = {
			isa = XCConfigurationList;
			buildConfigurations = (
				3153A3E81DF6A518002FEB06 /* Debug */,
				3153A3E91DF6A518002FEB06 /* Release */,
			);
			defaultConfigurationIsVisible = 0;
		};
/* End XCConfigurationList section */
	};
	rootObject = 3153A3C81DF6A518002FEB06 /* Project object */;
}
